
Microsoft Visual Studio Solution File, Format Version 12.00
# Visual Studio Version 16
VisualStudioVersion = 16.0.32228.343
MinimumVisualStudioVersion = 10.0.40219.1
Project("{FAE04EC0-301F-11D3-BF4B-00C04F79EFBC}") = "Практична №1", "Практична №1\Практична №1.csproj", "{BF1EEF92-A949-49D4-8496-86334183683C}"
EndProject
Global
	GlobalSection(SolutionConfigurationPlatforms) = preSolution
		Debug|Any CPU = Debug|Any CPU
		Release|Any CPU = Release|Any CPU
	EndGlobalSection
	GlobalSection(ProjectConfigurationPlatforms) = postSolution
		{BF1EEF92-A949-49D4-8496-86334183683C}.Debug|Any CPU.ActiveCfg = Debug|Any CPU
		{BF1EEF92-A949-49D4-8496-86334183683C}.Debug|Any CPU.Build.0 = Debug|Any CPU
		{BF1EEF92-A949-49D4-8496-86334183683C}.Release|Any CPU.ActiveCfg = Release|Any CPU
		{BF1EEF92-A949-49D4-8496-86334183683C}.Release|Any CPU.Build.0 = Release|Any CPU
	EndGlobalSection
	GlobalSection(SolutionProperties) = preSolution
		HideSolutionNode = FALSE
	EndGlobalSection
	GlobalSection(ExtensibilityGlobals) = postSolution
		SolutionGuid = {05E034B3-3F0B-4331-8297-99EB7EDA0290}
	EndGlobalSection
EndGlobal
